{
  "name": "webtrace-extension",
  "version": "1.0.0",
  "lockfileVersion": 3,
  "requires": true,
  "packages": {
    "": {
      "name": "webtrace-extension",
      "version": "1.0.0",
      "devDependencies": {
        "fake-indexeddb": "6.2.5",
        "tldts": "7.4.11"
      }
    },
    "node_modules/fake-indexeddb": {
      "version": "6.2.5",
      "resolved": "https://registry.npmjs.org/fake-indexeddb/-/fake-indexeddb-6.2.5.tgz",
      "integrity": "sha512-CGnyrvbhPlWYMngksqrSSUT1BAVP49dZocrHuK0SvtR0D5TMs5wP0o3j7jexDJW01KSadjBp1M/71o/KR3nD1w==",
      "dev": true,
      "license": "Apache-2.0",
      "engines": {
        "node": ">=18"
      }
    },
    "node_modules/tldts": {
      "version": "7.4.11",
      "resolved": "https://registry.npmjs.org/tldts/-/tldts-7.4.11.tgz",
      "integrity": "sha512-aBiNayCfTQxuIJBm06M+xR14cYaYlDlSXZbgsnKzKNxDKUVq7KFwTjwBSsb7m9Y5xO8WfPnBc63WaYFMTGlvqw==",
      "dev": true,
      "license": "MIT",
      "dependencies": {
        "tldts-core": "^7.4.11"
      },
      "bin": {
        "tldts": "bin/cli.js"
      }
    },
    "node_modules/tldts-core": {
      "version": "7.4.11",
      "resolved": "https://registry.npmjs.org/tldts-core/-/tldts-core-7.4.11.tgz",
      "integrity": "sha512-CW3WN2rIIE/Of21mulhgnGOwoDyEFNygyIBOONSdyAuSATgMMUCpLeUlB+E8sAwA5xRV9hYPl+kyZ9citHCaKg==",
      "dev": true,
      "license": "MIT"
    }
  }
}
